
Microsoft Visual Studio Solution File, Format Version 12.00
# Visual Studio Version 16
VisualStudioVersion = 16.0.31515.178
MinimumVisualStudioVersion = 10.0.40219.1
Project("{9A19103F-16F7-4668-BE54-9A1E7A4F7556}") = "Nortwind.WebApi", "WebApplication2.NorthWind\Nortwind.WebApi.csproj", "{5E4A5ADD-A42D-4D21-9686-EF46994BE623}"
EndProject
Project("{9A19103F-16F7-4668-BE54-9A1E7A4F7556}") = "Northwind.Entity", "Northwind.Entity\Northwind.Entity.csproj", "{C050A45E-40B6-47F3-B07E-17C0F793E0D9}"
EndProject
Project("{9A19103F-16F7-4668-BE54-9A1E7A4F7556}") = "Northwind.Dal", "Northwind.Dal\Northwind.Dal.csproj", "{0AD321C4-0E2D-4284-BD65-8A24709CF6CC}"
EndProject
Project("{9A19103F-16F7-4668-BE54-9A1E7A4F7556}") = "Northwind.Bll", "Northwind.Bll\Northwind.Bll.csproj", "{E47B2510-79CF-45DA-B75F-FCCDFF580CD5}"
EndProject
Project("{FAE04EC0-301F-11D3-BF4B-00C04F79EFBC}") = "Northwind.InterfaceLayer", "Northwind.InterfaceLayer\Northwind.InterfaceLayer.csproj", "{53B15771-B23D-416F-8C59-017665421F72}"
EndProject
Global
	GlobalSection(SolutionConfigurationPlatforms) = preSolution
		Debug|Any CPU = Debug|Any CPU
		Release|Any CPU = Release|Any CPU
	EndGlobalSection
	GlobalSection(ProjectConfigurationPlatforms) = postSolution
		{5E4A5ADD-A42D-4D21-9686-EF46994BE623}.Debug|Any CPU.ActiveCfg = Debug|Any CPU
		{5E4A5ADD-A42D-4D21-9686-EF46994BE623}.Debug|Any CPU.Build.0 = Debug|Any CPU
		{5E4A5ADD-A42D-4D21-9686-EF46994BE623}.Release|Any CPU.ActiveCfg = Release|Any CPU
		{5E4A5ADD-A42D-4D21-9686-EF46994BE623}.Release|Any CPU.Build.0 = Release|Any CPU
		{C050A45E-40B6-47F3-B07E-17C0F793E0D9}.Debug|Any CPU.ActiveCfg = Debug|Any CPU
		{C050A45E-40B6-47F3-B07E-17C0F793E0D9}.Debug|Any CPU.Build.0 = Debug|Any CPU
		{C050A45E-40B6-47F3-B07E-17C0F793E0D9}.Release|Any CPU.ActiveCfg = Release|Any CPU
		{C050A45E-40B6-47F3-B07E-17C0F793E0D9}.Release|Any CPU.Build.0 = Release|Any CPU
		{0AD321C4-0E2D-4284-BD65-8A24709CF6CC}.Debug|Any CPU.ActiveCfg = Debug|Any CPU
		{0AD321C4-0E2D-4284-BD65-8A24709CF6CC}.Debug|Any CPU.Build.0 = Debug|Any CPU
		{0AD321C4-0E2D-4284-BD65-8A24709CF6CC}.Release|Any CPU.ActiveCfg = Release|Any CPU
		{0AD321C4-0E2D-4284-BD65-8A24709CF6CC}.Release|Any CPU.Build.0 = Release|Any CPU
		{E47B2510-79CF-45DA-B75F-FCCDFF580CD5}.Debug|Any CPU.ActiveCfg = Debug|Any CPU
		{E47B2510-79CF-45DA-B75F-FCCDFF580CD5}.Debug|Any CPU.Build.0 = Debug|Any CPU
		{E47B2510-79CF-45DA-B75F-FCCDFF580CD5}.Release|Any CPU.ActiveCfg = Release|Any CPU
		{E47B2510-79CF-45DA-B75F-FCCDFF580CD5}.Release|Any CPU.Build.0 = Release|Any CPU
		{53B15771-B23D-416F-8C59-017665421F72}.Debug|Any CPU.ActiveCfg = Debug|Any CPU
		{53B15771-B23D-416F-8C59-017665421F72}.Debug|Any CPU.Build.0 = Debug|Any CPU
		{53B15771-B23D-416F-8C59-017665421F72}.Release|Any CPU.ActiveCfg = Release|Any CPU
		{53B15771-B23D-416F-8C59-017665421F72}.Release|Any CPU.Build.0 = Release|Any CPU
	EndGlobalSection
	GlobalSection(SolutionProperties) = preSolution
		HideSolutionNode = FALSE
	EndGlobalSection
	GlobalSection(ExtensibilityGlobals) = postSolution
		SolutionGuid = {118B1D89-963D-44B7-8C80-5A8A1D3D3185}
	EndGlobalSection
EndGlobal
